
Microsoft Visual Studio Solution File, Format Version 12.00
# Visual Studio Version 16
VisualStudioVersion = 16.0.31112.23
MinimumVisualStudioVersion = 10.0.40219.1
Project("{F184B08F-C81C-45F6-A57F-5ABD9991F28F}") = "juego reto", "juego reto\juego reto.vbproj", "{4CCF17D5-BADD-4E9E-8EBA-1505CA588643}"
EndProject
Global
	GlobalSection(SolutionConfigurationPlatforms) = preSolution
		Debug|Any CPU = Debug|Any CPU
		Release|Any CPU = Release|Any CPU
	EndGlobalSection
	GlobalSection(ProjectConfigurationPlatforms) = postSolution
		{4CCF17D5-BADD-4E9E-8EBA-1505CA588643}.Debug|Any CPU.ActiveCfg = Debug|Any CPU
		{4CCF17D5-BADD-4E9E-8EBA-1505CA588643}.Debug|Any CPU.Build.0 = Debug|Any CPU
		{4CCF17D5-BADD-4E9E-8EBA-1505CA588643}.Release|Any CPU.ActiveCfg = Release|Any CPU
		{4CCF17D5-BADD-4E9E-8EBA-1505CA588643}.Release|Any CPU.Build.0 = Release|Any CPU
	EndGlobalSection
	GlobalSection(SolutionProperties) = preSolution
		HideSolutionNode = FALSE
	EndGlobalSection
	GlobalSection(ExtensibilityGlobals) = postSolution
		SolutionGuid = {57C234EE-1B2A-4DA9-B709-0FCFBF2F0ADB}
	EndGlobalSection
EndGlobal
